
Microsoft Visual Studio Solution File, Format Version 12.00
# Visual Studio Version 16
VisualStudioVersion = 16.0.31025.194
MinimumVisualStudioVersion = 10.0.40219.1
Project("{9A19103F-16F7-4668-BE54-9A1E7A4F7556}") = "OOP2", "OOP2.csproj", "{326B02D9-A6B1-42C2-8DD2-91EE08C60FCE}"
EndProject
Global
	GlobalSection(SolutionConfigurationPlatforms) = preSolution
		Debug|Any CPU = Debug|Any CPU
		Release|Any CPU = Release|Any CPU
	EndGlobalSection
	GlobalSection(ProjectConfigurationPlatforms) = postSolution
		{326B02D9-A6B1-42C2-8DD2-91EE08C60FCE}.Debug|Any CPU.ActiveCfg = Debug|Any CPU
		{326B02D9-A6B1-42C2-8DD2-91EE08C60FCE}.Debug|Any CPU.Build.0 = Debug|Any CPU
		{326B02D9-A6B1-42C2-8DD2-91EE08C60FCE}.Release|Any CPU.ActiveCfg = Release|Any CPU
		{326B02D9-A6B1-42C2-8DD2-91EE08C60FCE}.Release|Any CPU.Build.0 = Release|Any CPU
	EndGlobalSection
	GlobalSection(SolutionProperties) = preSolution
		HideSolutionNode = FALSE
	EndGlobalSection
	GlobalSection(ExtensibilityGlobals) = postSolution
		SolutionGuid = {849D1711-3B38-4DE9-8F6A-84C88DE7DB29}
	EndGlobalSection
EndGlobal
